{
  "name": "install",
  "version": "1.0.0",
  "lockfileVersion": 1,
  "requires": true,
  "dependencies": {
    "@uppy/companion-client": {
      "version": "1.0.1",
      "resolved": "https://registry.npm.taobao.org/@uppy/companion-client/download/@uppy/companion-client-1.0.1.tgz",
      "integrity": "sha1-3I4haaCmdUungIkgXR5D/ysGpUo=",
      "requires": {
        "namespace-emitter": "^2.0.1"
      }
    },
    "@uppy/core": {
      "version": "1.0.2",
      "resolved": "https://registry.npm.taobao.org/@uppy/core/download/@uppy/core-1.0.2.tgz",
      "integrity": "sha1-TEvO6R/DYL0fzbA2Lc/7zWtWhF0=",
      "requires": {
        "@uppy/store-default": "0.28.3",
        "@uppy/utils": "1.0.2",
        "cuid": "^2.1.1",
        "lodash.throttle": "^4.1.1",
        "mime-match": "^1.0.2",
        "namespace-emitter": "^2.0.1",
        "preact": "8.2.9",
        "prettier-bytes": "^1.0.4"
      }
    },
    "@uppy/dashboard": {
      "version": "1.0.2",
      "resolved": "https://registry.npm.taobao.org/@uppy/dashboard/download/@uppy/dashboard-1.0.2.tgz",
      "integrity": "sha1-TVh/KWojNOHx43f+Sy8zsNQapQ8=",
      "requires": {
        "@uppy/informer": "1.0.2",
        "@uppy/provider-views": "1.0.2",
        "@uppy/status-bar": "1.0.2",
        "@uppy/thumbnail-generator": "1.0.2",
        "@uppy/utils": "1.0.2",
        "classnames": "^2.2.6",
        "cuid": "^2.1.1",
        "drag-drop": "2.13.3",
        "lodash.throttle": "^4.1.1",
        "preact": "8.2.9",
        "preact-css-transition-group": "^1.3.0",
        "prettier-bytes": "^1.0.4",
        "resize-observer-polyfill": "^1.5.0"
      }
    },
    "@uppy/drag-drop": {
      "version": "1.0.2",
      "resolved": "https://registry.npm.taobao.org/@uppy/drag-drop/download/@uppy/drag-drop-1.0.2.tgz",
      "integrity": "sha1-VWx3VtbWwCH3rnpzi10M7hH1fKE=",
      "requires": {
        "@uppy/utils": "1.0.2",
        "drag-drop": "2.13.3",
        "preact": "8.2.9"
      }
    },
    "@uppy/informer": {
      "version": "1.0.2",
      "resolved": "https://registry.npm.taobao.org/@uppy/informer/download/@uppy/informer-1.0.2.tgz",
      "integrity": "sha1-XUmfmJK/oA2CwMTmurQbb8u+5pQ=",
      "requires": {
        "@uppy/utils": "1.0.2",
        "preact": "8.2.9"
      }
    },
    "@uppy/provider-views": {
      "version": "1.0.2",
      "resolved": "https://registry.npm.taobao.org/@uppy/provider-views/download/@uppy/provider-views-1.0.2.tgz",
      "integrity": "sha1-CbN3tCWooWC/kRhqCUrwVahSZlc=",
      "requires": {
        "@uppy/utils": "1.0.2",
        "classnames": "^2.2.6",
        "preact": "8.2.9"
      }
    },
    "@uppy/status-bar": {
      "version": "1.0.2",
      "resolved": "https://registry.npm.taobao.org/@uppy/status-bar/download/@uppy/status-bar-1.0.2.tgz",
      "integrity": "sha1-xC5Kw93YChu2HunuVZVwvgWXV0k=",
      "requires": {
        "@uppy/utils": "1.0.2",
        "classnames": "^2.2.6",
        "lodash.throttle": "^4.1.1",
        "preact": "8.2.9",
        "prettier-bytes": "^1.0.4"
      }
    },
    "@uppy/store-default": {
      "version": "0.28.3",
      "resolved": "https://registry.npm.taobao.org/@uppy/store-default/download/@uppy/store-default-0.28.3.tgz",
      "integrity": "sha1-DdN7rfaPHKTRbiPDgTYm7QESdkM="
    },
    "@uppy/thumbnail-generator": {
      "version": "1.0.2",
      "resolved": "https://registry.npm.taobao.org/@uppy/thumbnail-generator/download/@uppy/thumbnail-generator-1.0.2.tgz",
      "integrity": "sha1-hmYKvAYZOCYK+mrhtJpVkxgxm58=",
      "requires": {
        "@uppy/utils": "1.0.2"
      }
    },
    "@uppy/utils": {
      "version": "1.0.2",
      "resolved": "https://registry.npm.taobao.org/@uppy/utils/download/@uppy/utils-1.0.2.tgz",
      "integrity": "sha1-zlhMp+FX/aPqiYPK89iK/fuUE+g=",
      "requires": {
        "lodash.throttle": "^4.1.1"
      }
    },
    "@uppy/webcam": {
      "version": "1.0.2",
      "resolved": "https://registry.npm.taobao.org/@uppy/webcam/download/@uppy/webcam-1.0.2.tgz",
      "integrity": "sha1-CHeWUffj06TNTZ4Yip1GEz3FN0k=",
      "requires": {
        "@uppy/utils": "1.0.2",
        "preact": "8.2.9"
      }
    },
    "@uppy/xhr-upload": {
      "version": "1.0.2",
      "resolved": "https://registry.npm.taobao.org/@uppy/xhr-upload/download/@uppy/xhr-upload-1.0.2.tgz",
      "integrity": "sha1-u8TaF7ObeU8K11D0KSDJGZQ6zFM=",
      "requires": {
        "@uppy/companion-client": "1.0.1",
        "@uppy/utils": "1.0.2",
        "cuid": "^2.1.1"
      }
    },
    "blob-to-buffer": {
      "version": "1.2.8",
      "resolved": "https://registry.npm.taobao.org/blob-to-buffer/download/blob-to-buffer-1.2.8.tgz",
      "integrity": "sha1-eO7rMy8SgO0MpvsrYGk6jG02kDo="
    },
    "classnames": {
      "version": "2.2.6",
      "resolved": "https://registry.npm.taobao.org/classnames/download/classnames-2.2.6.tgz",
      "integrity": "sha1-Q5Nb/90pHzJtrQogUwmzjQD2UM4="
    },
    "cuid": {
      "version": "2.1.6",
      "resolved": "https://registry.npm.taobao.org/cuid/download/cuid-2.1.6.tgz",
      "integrity": "sha1-3DogtadJfTbTLAv4opl1JMnHlsQ="
    },
    "drag-drop": {
      "version": "2.13.3",
      "resolved": "https://registry.npm.taobao.org/drag-drop/download/drag-drop-2.13.3.tgz",
      "integrity": "sha1-5NxRitHt3zPFPLRnWaMt1z8339k=",
      "requires": {
        "blob-to-buffer": "^1.0.2",
        "flatten": "^1.0.2",
        "run-parallel": "^1.0.0"
      }
    },
    "flatten": {
      "version": "1.0.2",
      "resolved": "https://registry.npm.taobao.org/flatten/download/flatten-1.0.2.tgz?cache=0&other_urls=https%3A%2F%2Fregistry.npm.taobao.org%2Fflatten%2Fdownload%2Fflatten-1.0.2.tgz",
      "integrity": "sha1-2uRqnXj74lKSJYzB54CkHZXAN4I="
    },
    "inherits": {
      "version": "2.0.3",
      "resolved": "http://registry.npm.taobao.org/inherits/download/inherits-2.0.3.tgz",
      "integrity": "sha1-Yzwsg+PaQqUC9SRmAiSA9CCCYd4="
    },
    "lodash.throttle": {
      "version": "4.1.1",
      "resolved": "https://registry.npm.taobao.org/lodash.throttle/download/lodash.throttle-4.1.1.tgz",
      "integrity": "sha1-wj6RtxAkKscMN/HhzaknTMOb8vQ="
    },
    "mime-match": {
      "version": "1.0.2",
      "resolved": "https://registry.npm.taobao.org/mime-match/download/mime-match-1.0.2.tgz",
      "integrity": "sha1-P4fDHprxpf1IX7nbE0Qosju7e6g=",
      "requires": {
        "wildcard": "^1.1.0"
      }
    },
    "namespace-emitter": {
      "version": "2.0.1",
      "resolved": "https://registry.npm.taobao.org/namespace-emitter/download/namespace-emitter-2.0.1.tgz",
      "integrity": "sha1-l41RNhxhMTtOa4z284U9CN+isXw="
    },
    "path": {
      "version": "0.12.7",
      "resolved": "https://registry.npm.taobao.org/path/download/path-0.12.7.tgz",
      "integrity": "sha1-1NwqUGxM4hl+tIHr/NWzbAFAsQ8=",
      "requires": {
        "process": "^0.11.1",
        "util": "^0.10.3"
      }
    },
    "preact": {
      "version": "8.2.9",
      "resolved": "https://registry.npm.taobao.org/preact/download/preact-8.2.9.tgz",
      "integrity": "sha1-gTup3UXl2XxeoNbIbTdbO+cRzEA="
    },
    "preact-css-transition-group": {
      "version": "1.3.0",
      "resolved": "https://registry.npm.taobao.org/preact-css-transition-group/download/preact-css-transition-group-1.3.0.tgz",
      "integrity": "sha1-Bv5Giyb3gC6VuCmnYtsLwZmu85k="
    },
    "prettier-bytes": {
      "version": "1.0.4",
      "resolved": "https://registry.npm.taobao.org/prettier-bytes/download/prettier-bytes-1.0.4.tgz",
      "integrity": "sha1-mUsCqkb2mcULYle1+qp/4lV+YtY="
    },
    "process": {
      "version": "0.11.10",
      "resolved": "https://registry.npm.taobao.org/process/download/process-0.11.10.tgz",
      "integrity": "sha1-czIwDoQBYb2j5podHZGn1LwW8YI="
    },
    "resize-observer-polyfill": {
      "version": "1.5.1",
      "resolved": "https://registry.npm.taobao.org/resize-observer-polyfill/download/resize-observer-polyfill-1.5.1.tgz?cache=0&other_urls=https%3A%2F%2Fregistry.npm.taobao.org%2Fresize-observer-polyfill%2Fdownload%2Fresize-observer-polyfill-1.5.1.tgz",
      "integrity": "sha1-DpAg3T0hAkRY1OvSfiPkAmmBBGQ="
    },
    "run-parallel": {
      "version": "1.1.9",
      "resolved": "https://registry.npm.taobao.org/run-parallel/download/run-parallel-1.1.9.tgz",
      "integrity": "sha1-yd06fPn0ssS2JE4XOm7YZuYd1nk="
    },
    "util": {
      "version": "0.10.4",
      "resolved": "https://registry.npm.taobao.org/util/download/util-0.10.4.tgz",
      "integrity": "sha1-OqASW/5mikZy3liFfTrOJ+y3aQE=",
      "requires": {
        "inherits": "2.0.3"
      }
    },
    "wildcard": {
      "version": "1.1.2",
      "resolved": "https://registry.npm.taobao.org/wildcard/download/wildcard-1.1.2.tgz",
      "integrity": "sha1-pwIEUwhNjNLv5wup02liY94XEKU="
    }
  }
}
